
Microsoft Visual Studio Solution File, Format Version 12.00
# Visual Studio Version 17
VisualStudioVersion = 17.14.36414.22
MinimumVisualStudioVersion = 10.0.40219.1
Project("{FAE04EC0-301F-11D3-BF4B-00C04F79EFBC}") = "Massive", "ControlPoints3Year\Massive.csproj", "{A55CC40F-0A6F-4661-AEF2-065CDE940395}"
EndProject
Project("{FAE04EC0-301F-11D3-BF4B-00C04F79EFBC}") = "MDV_CatFramework", "Libiry\MDV_CatFramework.csproj", "{C28E039A-6077-4758-A8A8-6C6C16FD20E1}"
EndProject
Project("{FAE04EC0-301F-11D3-BF4B-00C04F79EFBC}") = "MDV_CatApplication", "MDV_CatApplication\MDV_CatApplication.csproj", "{9AA265B0-C5ED-417D-A0DA-194D2083E0EB}"
EndProject
Global
	GlobalSection(SolutionConfigurationPlatforms) = preSolution
		Debug|Any CPU = Debug|Any CPU
		Release|Any CPU = Release|Any CPU
	EndGlobalSection
	GlobalSection(ProjectConfigurationPlatforms) = postSolution
		{A55CC40F-0A6F-4661-AEF2-065CDE940395}.Debug|Any CPU.ActiveCfg = Debug|Any CPU
		{A55CC40F-0A6F-4661-AEF2-065CDE940395}.Debug|Any CPU.Build.0 = Debug|Any CPU
		{A55CC40F-0A6F-4661-AEF2-065CDE940395}.Release|Any CPU.ActiveCfg = Release|Any CPU
		{A55CC40F-0A6F-4661-AEF2-065CDE940395}.Release|Any CPU.Build.0 = Release|Any CPU
		{C28E039A-6077-4758-A8A8-6C6C16FD20E1}.Debug|Any CPU.ActiveCfg = Debug|Any CPU
		{C28E039A-6077-4758-A8A8-6C6C16FD20E1}.Debug|Any CPU.Build.0 = Debug|Any CPU
		{C28E039A-6077-4758-A8A8-6C6C16FD20E1}.Release|Any CPU.ActiveCfg = Release|Any CPU
		{C28E039A-6077-4758-A8A8-6C6C16FD20E1}.Release|Any CPU.Build.0 = Release|Any CPU
		{9AA265B0-C5ED-417D-A0DA-194D2083E0EB}.Debug|Any CPU.ActiveCfg = Debug|Any CPU
		{9AA265B0-C5ED-417D-A0DA-194D2083E0EB}.Debug|Any CPU.Build.0 = Debug|Any CPU
		{9AA265B0-C5ED-417D-A0DA-194D2083E0EB}.Release|Any CPU.ActiveCfg = Release|Any CPU
		{9AA265B0-C5ED-417D-A0DA-194D2083E0EB}.Release|Any CPU.Build.0 = Release|Any CPU
	EndGlobalSection
	GlobalSection(SolutionProperties) = preSolution
		HideSolutionNode = FALSE
	EndGlobalSection
	GlobalSection(ExtensibilityGlobals) = postSolution
		SolutionGuid = {F0506B36-208C-40B7-A344-3D4CB716F77B}
	EndGlobalSection
EndGlobal
